
Microsoft Visual Studio Solution File, Format Version 12.00
# Visual Studio Version 17
VisualStudioVersion = 17.8.34525.116
MinimumVisualStudioVersion = 10.0.40219.1
Project("{FAE04EC0-301F-11D3-BF4B-00C04F79EFBC}") = "MVC Ecommerce", "MVC Ecommerce\MVC Ecommerce.csproj", "{142EA9A6-6DE4-408E-99DC-D88190F00409}"
EndProject
Global
	GlobalSection(SolutionConfigurationPlatforms) = preSolution
		Debug|Any CPU = Debug|Any CPU
		Release|Any CPU = Release|Any CPU
	EndGlobalSection
	GlobalSection(ProjectConfigurationPlatforms) = postSolution
		{142EA9A6-6DE4-408E-99DC-D88190F00409}.Debug|Any CPU.ActiveCfg = Debug|Any CPU
		{142EA9A6-6DE4-408E-99DC-D88190F00409}.Debug|Any CPU.Build.0 = Debug|Any CPU
		{142EA9A6-6DE4-408E-99DC-D88190F00409}.Release|Any CPU.ActiveCfg = Release|Any CPU
		{142EA9A6-6DE4-408E-99DC-D88190F00409}.Release|Any CPU.Build.0 = Release|Any CPU
	EndGlobalSection
	GlobalSection(SolutionProperties) = preSolution
		HideSolutionNode = FALSE
	EndGlobalSection
	GlobalSection(ExtensibilityGlobals) = postSolution
		SolutionGuid = {B0D21F71-D536-4FC5-A472-261662601839}
	EndGlobalSection
EndGlobal
